
Microsoft Visual Studio Solution File, Format Version 12.00
# Visual Studio Version 17
VisualStudioVersion = 17.6.33815.320
MinimumVisualStudioVersion = 10.0.40219.1
Project("{9A19103F-16F7-4668-BE54-9A1E7A4F7556}") = "PowerPlantCodingChallenge.API", "PowerPlant.API\PowerPlantCodingChallenge.API.csproj", "{5B860575-F403-441A-A0DC-F832309F97D5}"
EndProject
Project("{2150E333-8FDC-42A3-9474-1A3956D46DE8}") = "src", "src", "{E8A245E7-B8CB-44A6-B377-D656E0C0E321}"
EndProject
Project("{2150E333-8FDC-42A3-9474-1A3956D46DE8}") = "test", "test", "{C5B08E6E-769D-494D-AABC-63DD91BFCAC2}"
EndProject
Project("{FAE04EC0-301F-11D3-BF4B-00C04F79EFBC}") = "PowerPlantCodingChallenge.Test", "PowerPlant.Test\PowerPlantCodingChallenge.Test.csproj", "{3574547D-5820-4B04-A64D-28546100B26A}"
EndProject
Global
	GlobalSection(SolutionConfigurationPlatforms) = preSolution
		Debug|Any CPU = Debug|Any CPU
		Release|Any CPU = Release|Any CPU
	EndGlobalSection
	GlobalSection(ProjectConfigurationPlatforms) = postSolution
		{5B860575-F403-441A-A0DC-F832309F97D5}.Debug|Any CPU.ActiveCfg = Debug|Any CPU
		{5B860575-F403-441A-A0DC-F832309F97D5}.Debug|Any CPU.Build.0 = Debug|Any CPU
		{5B860575-F403-441A-A0DC-F832309F97D5}.Release|Any CPU.ActiveCfg = Release|Any CPU
		{5B860575-F403-441A-A0DC-F832309F97D5}.Release|Any CPU.Build.0 = Release|Any CPU
		{3574547D-5820-4B04-A64D-28546100B26A}.Debug|Any CPU.ActiveCfg = Debug|Any CPU
		{3574547D-5820-4B04-A64D-28546100B26A}.Debug|Any CPU.Build.0 = Debug|Any CPU
		{3574547D-5820-4B04-A64D-28546100B26A}.Release|Any CPU.ActiveCfg = Release|Any CPU
		{3574547D-5820-4B04-A64D-28546100B26A}.Release|Any CPU.Build.0 = Release|Any CPU
	EndGlobalSection
	GlobalSection(SolutionProperties) = preSolution
		HideSolutionNode = FALSE
	EndGlobalSection
	GlobalSection(NestedProjects) = preSolution
		{5B860575-F403-441A-A0DC-F832309F97D5} = {E8A245E7-B8CB-44A6-B377-D656E0C0E321}
		{3574547D-5820-4B04-A64D-28546100B26A} = {C5B08E6E-769D-494D-AABC-63DD91BFCAC2}
	EndGlobalSection
	GlobalSection(ExtensibilityGlobals) = postSolution
		SolutionGuid = {1552261D-E253-4EBA-B3EF-04FF7E783C4A}
	EndGlobalSection
EndGlobal
